// !$*UTF8*$!
{
	archiveVersion = 1;
	classes = {
	};
	objectVersion = 51;
	objects = {

/* Begin PBXBuildFile section */
		2A309E1D9B2D1EEF96B2323C /* Pods_Live_News.framework in Frameworks */ = {isa = PBXBuildFile; fileRef = BF7291F2BA0D9B2BB211DFA1 /* Pods_Live_News.framework */; };
		7A852C7C99F4CAA2226ABE99 /* Pods_Live_News_Live_NewsUITests.framework in Frameworks */ = {isa = PBXBuildFile; fileRef = 3624F400633721283F7590F0 /* Pods_Live_News_Live_NewsUITests.framework */; };
		C974953EEA173BA5302504B5 /* Pods_Live_NewsTests.framework in Frameworks */ = {isa = PBXBuildFile; fileRef = F03635D4138B8283ADD05DD3 /* Pods_Live_NewsTests.framework */; };
		F03A1C8D238E701B00F7AD62 /* GoogleService-Info.plist in Resources */ = {isa = PBXBuildFile; fileRef = F03A1C8C238E701B00F7AD62 /* GoogleService-Info.plist */; };
		F03A1C8F238E931800F7AD62 /* Main View.swift in Sources */ = {isa = PBXBuildFile; fileRef = F03A1C8E238E931800F7AD62 /* Main View.swift */; };
		F0AE64D3238D919D00E1ACD9 /* AppDelegate.swift in Sources */ = {isa = PBXBuildFile; fileRef = F0AE64D2238D919D00E1ACD9 /* AppDelegate.swift */; };
		F0AE64D5238D919D00E1ACD9 /* SceneDelegate.swift in Sources */ = {isa = PBXBuildFile; fileRef = F0AE64D4238D919D00E1ACD9 /* SceneDelegate.swift */; };
		F0AE64DA238D919D00E1ACD9 /* Main.storyboard in Resources */ = {isa = PBXBuildFile; fileRef = F0AE64D8238D919D00E1ACD9 /* Main.storyboard */; };
		F0AE64DC238D91A500E1ACD9 /* Assets.xcassets in Resources */ = {isa = PBXBuildFile; fileRef = F0AE64DB238D91A500E1ACD9 /* Assets.xcassets */; };
		F0AE64DF238D91A500E1ACD9 /* LaunchScreen.storyboard in Resources */ = {isa = PBXBuildFile; fileRef = F0AE64DD238D91A500E1ACD9 /* LaunchScreen.storyboard */; };
		F0AE64EA238D91A600E1ACD9 /* Live_NewsTests.swift in Sources */ = {isa = PBXBuildFile; fileRef = F0AE64E9238D91A600E1ACD9 /* Live_NewsTests.swift */; };
		F0AE64F5238D91A600E1ACD9 /* Live_NewsUITests.swift in Sources */ = {isa = PBXBuildFile; fileRef = F0AE64F4238D91A600E1ACD9 /* Live_NewsUITests.swift */; };
		F0AE650B238D99B900E1ACD9 /* MainTableViewController.swift in Sources */ = {isa = PBXBuildFile; fileRef = F0AE650A238D99B900E1ACD9 /* MainTableViewController.swift */; };
/* End PBXBuildFile section */

/* Begin PBXContainerItemProxy section */
		F0AE64E6238D91A600E1ACD9 /* PBXContainerItemProxy */ = {
			isa = PBXContainerItemProxy;
			containerPortal = F0AE64C7238D919D00E1ACD9 /* Project object */;
			proxyType = 1;
			remoteGlobalIDString = F0AE64CE238D919D00E1ACD9;
			remoteInfo = "Live News";
		};
		F0AE64F1238D91A600E1ACD9 /* PBXContainerItemProxy */ = {
			isa = PBXContainerItemProxy;
			containerPortal = F0AE64C7238D919D00E1ACD9 /* Project object */;
			proxyType = 1;
			remoteGlobalIDString = F0AE64CE238D919D00E1ACD9;
			remoteInfo = "Live News";
		};
/* End PBXContainerItemProxy section */

/* Begin PBXFileReference section */
		32C7BD5FFBA809D839C90C5F /* Pods-Live News.release.xcconfig */ = {isa = PBXFileReference; includeInIndex = 1; lastKnownFileType = text.xcconfig; name = "Pods-Live News.release.xcconfig"; path = "Target Support Files/Pods-Live News/Pods-Live News.release.xcconfig"; sourceTree = "<group>"; };
		3624F400633721283F7590F0 /* Pods_Live_News_Live_NewsUITests.framework */ = {isa = PBXFileReference; explicitFileType = wrapper.framework; includeInIndex = 0; path = Pods_Live_News_Live_NewsUITests.framework; sourceTree = BUILT_PRODUCTS_DIR; };
		50525966A1DCBF3E6B80EC7B /* Pods-Live News-Live NewsUITests.debug.xcconfig */ = {isa = PBXFileReference; includeInIndex = 1; lastKnownFileType = text.xcconfig; name = "Pods-Live News-Live NewsUITests.debug.xcconfig"; path = "Target Support Files/Pods-Live News-Live NewsUITests/Pods-Live News-Live NewsUITests.debug.xcconfig"; sourceTree = "<group>"; };
		81418F74EEC7BB2C1A640FBB /* Pods-Live NewsTests.debug.xcconfig */ = {isa = PBXFileReference; includeInIndex = 1; lastKnownFileType = text.xcconfig; name = "Pods-Live NewsTests.debug.xcconfig"; path = "Target Support Files/Pods-Live NewsTests/Pods-Live NewsTests.debug.xcconfig"; sourceTree = "<group>"; };
		BF7291F2BA0D9B2BB211DFA1 /* Pods_Live_News.framework */ = {isa = PBXFileReference; explicitFileType = wrapper.framework; includeInIndex = 0; path = Pods_Live_News.framework; sourceTree = BUILT_PRODUCTS_DIR; };
		DF8E742EEAE28B443210E2BC /* Pods-Live NewsTests.release.xcconfig */ = {isa = PBXFileReference; includeInIndex = 1; lastKnownFileType = text.xcconfig; name = "Pods-Live NewsTests.release.xcconfig"; path = "Target Support Files/Pods-Live NewsTests/Pods-Live NewsTests.release.xcconfig"; sourceTree = "<group>"; };
		E72BBF05DD728299DDF3C7DB /* Pods-Live News-Live NewsUITests.release.xcconfig */ = {isa = PBXFileReference; includeInIndex = 1; lastKnownFileType = text.xcconfig; name = "Pods-Live News-Live NewsUITests.release.xcconfig"; path = "Target Support Files/Pods-Live News-Live NewsUITests/Pods-Live News-Live NewsUITests.release.xcconfig"; sourceTree = "<group>"; };
		EB93DBDE1B1E5D4171C6B9FE /* Pods-Live News.debug.xcconfig */ = {isa = PBXFileReference; includeInIndex = 1; lastKnownFileType = text.xcconfig; name = "Pods-Live News.debug.xcconfig"; path = "Target Support Files/Pods-Live News/Pods-Live News.debug.xcconfig"; sourceTree = "<group>"; };
		F03635D4138B8283ADD05DD3 /* Pods_Live_NewsTests.framework */ = {isa = PBXFileReference; explicitFileType = wrapper.framework; includeInIndex = 0; path = Pods_Live_NewsTests.framework; sourceTree = BUILT_PRODUCTS_DIR; };
		F03A1C8C238E701B00F7AD62 /* GoogleService-Info.plist */ = {isa = PBXFileReference; fileEncoding = 4; lastKnownFileType = text.plist.xml; path = "GoogleService-Info.plist"; sourceTree = "<group>"; };
		F03A1C8E238E931800F7AD62 /* Main View.swift */ = {isa = PBXFileReference; lastKnownFileType = sourcecode.swift; path = "Main View.swift"; sourceTree = "<group>"; };
		F0AE64CF238D919D00E1ACD9 /* Live News.app */ = {isa = PBXFileReference; explicitFileType = wrapper.application; includeInIndex = 0; path = "Live News.app"; sourceTree = BUILT_PRODUCTS_DIR; };
		F0AE64D2238D919D00E1ACD9 /* AppDelegate.swift */ = {isa = PBXFileReference; lastKnownFileType = sourcecode.swift; path = AppDelegate.swift; sourceTree = "<group>"; };
		F0AE64D4238D919D00E1ACD9 /* SceneDelegate.swift */ = {isa = PBXFileReference; lastKnownFileType = sourcecode.swift; path = SceneDelegate.swift; sourceTree = "<group>"; };
		F0AE64D9238D919D00E1ACD9 /* Base */ = {isa = PBXFileReference; lastKnownFileType = file.storyboard; name = Base; path = Base.lproj/Main.storyboard; sourceTree = "<group>"; };
		F0AE64DB238D91A500E1ACD9 /* Assets.xcassets */ = {isa = PBXFileReference; lastKnownFileType = folder.assetcatalog; path = Assets.xcassets; sourceTree = "<group>"; };
		F0AE64DE238D91A500E1ACD9 /* Base */ = {isa = PBXFileReference; lastKnownFileType = file.storyboard; name = Base; path = Base.lproj/LaunchScreen.storyboard; sourceTree = "<group>"; };
		F0AE64E0238D91A500E1ACD9 /* Info.plist */ = {isa = PBXFileReference; lastKnownFileType = text.plist.xml; path = Info.plist; sourceTree = "<group>"; };
		F0AE64E5238D91A600E1ACD9 /* Live NewsTests.xctest */ = {isa = PBXFileReference; explicitFileType = wrapper.cfbundle; includeInIndex = 0; path = "Live NewsTests.xctest"; sourceTree = BUILT_PRODUCTS_DIR; };
		F0AE64E9238D91A600E1ACD9 /* Live_NewsTests.swift */ = {isa = PBXFileReference; lastKnownFileType = sourcecode.swift; path = Live_NewsTests.swift; sourceTree = "<group>"; };
		F0AE64EB238D91A600E1ACD9 /* Info.plist */ = {isa = PBXFileReference; lastKnownFileType = text.plist.xml; path = Info.plist; sourceTree = "<group>"; };
		F0AE64F0238D91A600E1ACD9 /* Live NewsUITests.xctest */ = {isa = PBXFileReference; explicitFileType = wrapper.cfbundle; includeInIndex = 0; path = "Live NewsUITests.xctest"; sourceTree = BUILT_PRODUCTS_DIR; };
		F0AE64F4238D91A600E1ACD9 /* Live_NewsUITests.swift */ = {isa = PBXFileReference; lastKnownFileType = sourcecode.swift; path = Live_NewsUITests.swift; sourceTree = "<group>"; };
		F0AE64F6238D91A600E1ACD9 /* Info.plist */ = {isa = PBXFileReference; lastKnownFileType = text.plist.xml; path = Info.plist; sourceTree = "<group>"; };
		F0AE650A238D99B900E1ACD9 /* MainTableViewController.swift */ = {isa = PBXFileReference; lastKnownFileType = sourcecode.swift; path = MainTableViewController.swift; sourceTree = "<group>"; };
/* End PBXFileReference section */

/* Begin PBXFrameworksBuildPhase section */
		F0AE64CC238D919D00E1ACD9 /* Frameworks */ = {
			isa = PBXFrameworksBuildPhase;
			buildActionMask = 2147483647;
			files = (
				2A309E1D9B2D1EEF96B2323C /* Pods_Live_News.framework in Frameworks */,
			);
			runOnlyForDeploymentPostprocessing = 0;
		};
		F0AE64E2238D91A600E1ACD9 /* Frameworks */ = {
			isa = PBXFrameworksBuildPhase;
			buildActionMask = 2147483647;
			files = (
				C974953EEA173BA5302504B5 /* Pods_Live_NewsTests.framework in Frameworks */,
			);
			runOnlyForDeploymentPostprocessing = 0;
		};
		F0AE64ED238D91A600E1ACD9 /* Frameworks */ = {
			isa = PBXFrameworksBuildPhase;
			buildActionMask = 2147483647;
			files = (
				7A852C7C99F4CAA2226ABE99 /* Pods_Live_News_Live_NewsUITests.framework in Frameworks */,
			);
			runOnlyForDeploymentPostprocessing = 0;
		};
/* End PBXFrameworksBuildPhase section */

/* Begin PBXGroup section */
		8B2EBBFCBAF5357243A3E544 /* Pods */ = {
			isa = PBXGroup;
			children = (
				EB93DBDE1B1E5D4171C6B9FE /* Pods-Live News.debug.xcconfig */,
				32C7BD5FFBA809D839C90C5F /* Pods-Live News.release.xcconfig */,
				50525966A1DCBF3E6B80EC7B /* Pods-Live News-Live NewsUITests.debug.xcconfig */,
				E72BBF05DD728299DDF3C7DB /* Pods-Live News-Live NewsUITests.release.xcconfig */,
				81418F74EEC7BB2C1A640FBB /* Pods-Live NewsTests.debug.xcconfig */,
				DF8E742EEAE28B443210E2BC /* Pods-Live NewsTests.release.xcconfig */,
			);
			path = Pods;
			sourceTree = "<group>";
		};
		D6A3B4E8CAB1868154EFFE2E /* Frameworks */ = {
			isa = PBXGroup;
			children = (
				BF7291F2BA0D9B2BB211DFA1 /* Pods_Live_News.framework */,
				F03635D4138B8283ADD05DD3 /* Pods_Live_NewsTests.framework */,
				3624F400633721283F7590F0 /* Pods_Live_News_Live_NewsUITests.framework */,
			);
			name = Frameworks;
			sourceTree = "<group>";
		};
		F0AE64C6238D919D00E1ACD9 = {
			isa = PBXGroup;
			children = (
				F0AE64D1238D919D00E1ACD9 /* Live News */,
				F0AE64E8238D91A600E1ACD9 /* Live NewsTests */,
				F0AE64F3238D91A600E1ACD9 /* Live NewsUITests */,
				F0AE64D0238D919D00E1ACD9 /* Products */,
				8B2EBBFCBAF5357243A3E544 /* Pods */,
				D6A3B4E8CAB1868154EFFE2E /* Frameworks */,
			);
			sourceTree = "<group>";
		};
		F0AE64D0238D919D00E1ACD9 /* Products */ = {
			isa = PBXGroup;
			children = (
				F0AE64CF238D919D00E1ACD9 /* Live News.app */,
				F0AE64E5238D91A600E1ACD9 /* Live NewsTests.xctest */,
				F0AE64F0238D91A600E1ACD9 /* Live NewsUITests.xctest */,
			);
			name = Products;
			sourceTree = "<group>";
		};
		F0AE64D1238D919D00E1ACD9 /* Live News */ = {
			isa = PBXGroup;
			children = (
				F0AE64D2238D919D00E1ACD9 /* AppDelegate.swift */,
				F0AE64D4238D919D00E1ACD9 /* SceneDelegate.swift */,
				F0AE64D8238D919D00E1ACD9 /* Main.storyboard */,
				F0AE64DB238D91A500E1ACD9 /* Assets.xcassets */,
				F0AE64DD238D91A500E1ACD9 /* LaunchScreen.storyboard */,
				F0AE64E0238D91A500E1ACD9 /* Info.plist */,
				F03A1C8C238E701B00F7AD62 /* GoogleService-Info.plist */,
				F0AE650A238D99B900E1ACD9 /* MainTableViewController.swift */,
				F03A1C8E238E931800F7AD62 /* Main View.swift */,
			);
			path = "Live News";
			sourceTree = "<group>";
		};
		F0AE64E8238D91A600E1ACD9 /* Live NewsTests */ = {
			isa = PBXGroup;
			children = (
				F0AE64E9238D91A600E1ACD9 /* Live_NewsTests.swift */,
				F0AE64EB238D91A600E1ACD9 /* Info.plist */,
			);
			path = "Live NewsTests";
			sourceTree = "<group>";
		};
		F0AE64F3238D91A600E1ACD9 /* Live NewsUITests */ = {
			isa = PBXGroup;
			children = (
				F0AE64F4238D91A600E1ACD9 /* Live_NewsUITests.swift */,
				F0AE64F6238D91A600E1ACD9 /* Info.plist */,
			);
			path = "Live NewsUITests";
			sourceTree = "<group>";
		};
/* End PBXGroup section */

/* Begin PBXNativeTarget section */
		F0AE64CE238D919D00E1ACD9 /* Live News */ = {
			isa = PBXNativeTarget;
			buildConfigurationList = F0AE64F9238D91A600E1ACD9 /* Build configuration list for PBXNativeTarget "Live News" */;
			buildPhases = (
				3BF1E3BC5ECBD42E06B7B96C /* [CP] Check Pods Manifest.lock */,
				F0AE64CB238D919D00E1ACD9 /* Sources */,
				F0AE64CC238D919D00E1ACD9 /* Frameworks */,
				F0AE64CD238D919D00E1ACD9 /* Resources */,
				B060577472C473483899A234 /* [CP] Embed Pods Frameworks */,
			);
			buildRules = (
			);
			dependencies = (
			);
			name = "Live News";
			productName = "Live News";
			productReference = F0AE64CF238D919D00E1ACD9 /* Live News.app */;
			productType = "com.apple.product-type.application";
		};
		F0AE64E4238D91A600E1ACD9 /* Live NewsTests */ = {
			isa = PBXNativeTarget;
			buildConfigurationList = F0AE64FC238D91A600E1ACD9 /* Build configuration list for PBXNativeTarget "Live NewsTests" */;
			buildPhases = (
				7DCAF354CFBF4ECFC0404132 /* [CP] Check Pods Manifest.lock */,
				F0AE64E1238D91A600E1ACD9 /* Sources */,
				F0AE64E2238D91A600E1ACD9 /* Frameworks */,
				F0AE64E3238D91A600E1ACD9 /* Resources */,
			);
			buildRules = (
			);
			dependencies = (
				F0AE64E7238D91A600E1ACD9 /* PBXTargetDependency */,
			);
			name = "Live NewsTests";
			productName = "Live NewsTests";
			productReference = F0AE64E5238D91A600E1ACD9 /* Live NewsTests.xctest */;
			productType = "com.apple.product-type.bundle.unit-test";
		};
		F0AE64EF238D91A600E1ACD9 /* Live NewsUITests */ = {
			isa = PBXNativeTarget;
			buildConfigurationList = F0AE64FF238D91A600E1ACD9 /* Build configuration list for PBXNativeTarget "Live NewsUITests" */;
			buildPhases = (
				351E7C3E77E70069741BB300 /* [CP] Check Pods Manifest.lock */,
				F0AE64EC238D91A600E1ACD9 /* Sources */,
				F0AE64ED238D91A600E1ACD9 /* Frameworks */,
				F0AE64EE238D91A600E1ACD9 /* Resources */,
				15E8D60461AB08652A561AE8 /* [CP] Embed Pods Frameworks */,
			);
			buildRules = (
			);
			dependencies = (
				F0AE64F2238D91A600E1ACD9 /* PBXTargetDependency */,
			);
			name = "Live NewsUITests";
			productName = "Live NewsUITests";
			productReference = F0AE64F0238D91A600E1ACD9 /* Live NewsUITests.xctest */;
			productType = "com.apple.product-type.bundle.ui-testing";
		};
/* End PBXNativeTarget section */

/* Begin PBXProject section */
		F0AE64C7238D919D00E1ACD9 /* Project object */ = {
			isa = PBXProject;
			attributes = {
				LastSwiftUpdateCheck = 1120;
				LastUpgradeCheck = 1120;
				ORGANIZATIONNAME = "Nilrajsinh Vaghela";
				TargetAttributes = {
					F0AE64CE238D919D00E1ACD9 = {
						CreatedOnToolsVersion = 11.2.1;
					};
					F0AE64E4238D91A600E1ACD9 = {
						CreatedOnToolsVersion = 11.2.1;
						TestTargetID = F0AE64CE238D919D00E1ACD9;
					};
					F0AE64EF238D91A600E1ACD9 = {
						CreatedOnToolsVersion = 11.2.1;
						TestTargetID = F0AE64CE238D919D00E1ACD9;
					};
				};
			};
			buildConfigurationList = F0AE64CA238D919D00E1ACD9 /* Build configuration list for PBXProject "Live News" */;
			compatibilityVersion = "Xcode 9.3";
			developmentRegion = en;
			hasScannedForEncodings = 0;
			knownRegions = (
				en,
				Base,
			);
			mainGroup = F0AE64C6238D919D00E1ACD9;
			productRefGroup = F0AE64D0238D919D00E1ACD9 /* Products */;
			projectDirPath = "";
			projectRoot = "";
			targets = (
				F0AE64CE238D919D00E1ACD9 /* Live News */,
				F0AE64E4238D91A600E1ACD9 /* Live NewsTests */,
				F0AE64EF238D91A600E1ACD9 /* Live NewsUITests */,
			);
		};
/* End PBXProject section */

/* Begin PBXResourcesBuildPhase section */
		F0AE64CD238D919D00E1ACD9 /* Resources */ = {
			isa = PBXResourcesBuildPhase;
			buildActionMask = 2147483647;
			files = (
				F0AE64DF238D91A500E1ACD9 /* LaunchScreen.storyboard in Resources */,
				F03A1C8D238E701B00F7AD62 /* GoogleService-Info.plist in Resources */,
				F0AE64DC238D91A500E1ACD9 /* Assets.xcassets in Resources */,
				F0AE64DA238D919D00E1ACD9 /* Main.storyboard in Resources */,
			);
			runOnlyForDeploymentPostprocessing = 0;
		};
		F0AE64E3238D91A600E1ACD9 /* Resources */ = {
			isa = PBXResourcesBuildPhase;
			buildActionMask = 2147483647;
			files = (
			);
			runOnlyForDeploymentPostprocessing = 0;
		};
		F0AE64EE238D91A600E1ACD9 /* Resources */ = {
			isa = PBXResourcesBuildPhase;
			buildActionMask = 2147483647;
			files = (
			);
			runOnlyForDeploymentPostprocessing = 0;
		};
/* End PBXResourcesBuildPhase section */

/* Begin PBXShellScriptBuildPhase section */
		15E8D60461AB08652A561AE8 /* [CP] Embed Pods Frameworks */ = {
			isa = PBXShellScriptBuildPhase;
			buildActionMask = 2147483647;
			files = (
			);
			inputFileListPaths = (
				"${PODS_ROOT}/Target Support Files/Pods-Live News-Live NewsUITests/Pods-Live News-Live NewsUITests-frameworks-${CONFIGURATION}-input-files.xcfilelist",
			);
			name = "[CP] Embed Pods Frameworks";
			outputFileListPaths = (
				"${PODS_ROOT}/Target Support Files/Pods-Live News-Live NewsUITests/Pods-Live News-Live NewsUITests-frameworks-${CONFIGURATION}-output-files.xcfilelist",
			);
			runOnlyForDeploymentPostprocessing = 0;
			shellPath = /bin/sh;
			shellScript = "\"${PODS_ROOT}/Target Support Files/Pods-Live News-Live NewsUITests/Pods-Live News-Live NewsUITests-frameworks.sh\"\n";
			showEnvVarsInLog = 0;
		};
		351E7C3E77E70069741BB300 /* [CP] Check Pods Manifest.lock */ = {
			isa = PBXShellScriptBuildPhase;
			buildActionMask = 2147483647;
			files = (
			);
			inputFileListPaths = (
			);
			inputPaths = (
				"${PODS_PODFILE_DIR_PATH}/Podfile.lock",
				"${PODS_ROOT}/Manifest.lock",
			);
			name = "[CP] Check Pods Manifest.lock";
			outputFileListPaths = (
			);
			outputPaths = (
				"$(DERIVED_FILE_DIR)/Pods-Live News-Live NewsUITests-checkManifestLockResult.txt",
			);
			runOnlyForDeploymentPostprocessing = 0;
			shellPath = /bin/sh;
			shellScript = "diff \"${PODS_PODFILE_DIR_PATH}/Podfile.lock\" \"${PODS_ROOT}/Manifest.lock\" > /dev/null\nif [ $? != 0 ] ; then\n    # print error to STDERR\n    echo \"error: The sandbox is not in sync with the Podfile.lock. Run 'pod install' or update your CocoaPods installation.\" >&2\n    exit 1\nfi\n# This output is used by Xcode 'outputs' to avoid re-running this script phase.\necho \"SUCCESS\" > \"${SCRIPT_OUTPUT_FILE_0}\"\n";
			showEnvVarsInLog = 0;
		};
		3BF1E3BC5ECBD42E06B7B96C /* [CP] Check Pods Manifest.lock */ = {
			isa = PBXShellScriptBuildPhase;
			buildActionMask = 2147483647;
			files = (
			);
			inputFileListPaths = (
			);
			inputPaths = (
				"${PODS_PODFILE_DIR_PATH}/Podfile.lock",
				"${PODS_ROOT}/Manifest.lock",
			);
			name = "[CP] Check Pods Manifest.lock";
			outputFileListPaths = (
			);
			outputPaths = (
				"$(DERIVED_FILE_DIR)/Pods-Live News-checkManifestLockResult.txt",
			);
			runOnlyForDeploymentPostprocessing = 0;
			shellPath = /bin/sh;
			shellScript = "diff \"${PODS_PODFILE_DIR_PATH}/Podfile.lock\" \"${PODS_ROOT}/Manifest.lock\" > /dev/null\nif [ $? != 0 ] ; then\n    # print error to STDERR\n    echo \"error: The sandbox is not in sync with the Podfile.lock. Run 'pod install' or update your CocoaPods installation.\" >&2\n    exit 1\nfi\n# This output is used by Xcode 'outputs' to avoid re-running this script phase.\necho \"SUCCESS\" > \"${SCRIPT_OUTPUT_FILE_0}\"\n";
			showEnvVarsInLog = 0;
		};
		7DCAF354CFBF4ECFC0404132 /* [CP] Check Pods Manifest.lock */ = {
			isa = PBXShellScriptBuildPhase;
			buildActionMask = 2147483647;
			files = (
			);
			inputFileListPaths = (
			);
			inputPaths = (
				"${PODS_PODFILE_DIR_PATH}/Podfile.lock",
				"${PODS_ROOT}/Manifest.lock",
			);
			name = "[CP] Check Pods Manifest.lock";
			outputFileListPaths = (
			);
			outputPaths = (
				"$(DERIVED_FILE_DIR)/Pods-Live NewsTests-checkManifestLockResult.txt",
			);
			runOnlyForDeploymentPostprocessing = 0;
			shellPath = /bin/sh;
			shellScript = "diff \"${PODS_PODFILE_DIR_PATH}/Podfile.lock\" \"${PODS_ROOT}/Manifest.lock\" > /dev/null\nif [ $? != 0 ] ; then\n    # print error to STDERR\n    echo \"error: The sandbox is not in sync with the Podfile.lock. Run 'pod install' or update your CocoaPods installation.\" >&2\n    exit 1\nfi\n# This output is used by Xcode 'outputs' to avoid re-running this script phase.\necho \"SUCCESS\" > \"${SCRIPT_OUTPUT_FILE_0}\"\n";
			showEnvVarsInLog = 0;
		};
		B060577472C473483899A234 /* [CP] Embed Pods Frameworks */ = {
			isa = PBXShellScriptBuildPhase;
			buildActionMask = 2147483647;
			files = (
			);
			inputFileListPaths = (
				"${PODS_ROOT}/Target Support Files/Pods-Live News/Pods-Live News-frameworks-${CONFIGURATION}-input-files.xcfilelist",
			);
			name = "[CP] Embed Pods Frameworks";
			outputFileListPaths = (
				"${PODS_ROOT}/Target Support Files/Pods-Live News/Pods-Live News-frameworks-${CONFIGURATION}-output-files.xcfilelist",
			);
			runOnlyForDeploymentPostprocessing = 0;
			shellPath = /bin/sh;
			shellScript = "\"${PODS_ROOT}/Target Support Files/Pods-Live News/Pods-Live News-frameworks.sh\"\n";
			showEnvVarsInLog = 0;
		};
/* End PBXShellScriptBuildPhase section */

/* Begin PBXSourcesBuildPhase section */
		F0AE64CB238D919D00E1ACD9 /* Sources */ = {
			isa = PBXSourcesBuildPhase;
			buildActionMask = 2147483647;
			files = (
				F0AE64D3238D919D00E1ACD9 /* AppDelegate.swift in Sources */,
				F0AE650B238D99B900E1ACD9 /* MainTableViewController.swift in Sources */,
				F03A1C8F238E931800F7AD62 /* Main View.swift in Sources */,
				F0AE64D5238D919D00E1ACD9 /* SceneDelegate.swift in Sources */,
			);
			runOnlyForDeploymentPostprocessing = 0;
		};
		F0AE64E1238D91A600E1ACD9 /* Sources */ = {
			isa = PBXSourcesBuildPhase;
			buildActionMask = 2147483647;
			files = (
				F0AE64EA238D91A600E1ACD9 /* Live_NewsTests.swift in Sources */,
			);
			runOnlyForDeploymentPostprocessing = 0;
		};
		F0AE64EC238D91A600E1ACD9 /* Sources */ = {
			isa = PBXSourcesBuildPhase;
			buildActionMask = 2147483647;
			files = (
				F0AE64F5238D91A600E1ACD9 /* Live_NewsUITests.swift in Sources */,
			);
			runOnlyForDeploymentPostprocessing = 0;
		};
/* End PBXSourcesBuildPhase section */

/* Begin PBXTargetDependency section */
		F0AE64E7238D91A600E1ACD9 /* PBXTargetDependency */ = {
			isa = PBXTargetDependency;
			target = F0AE64CE238D919D00E1ACD9 /* Live News */;
			targetProxy = F0AE64E6238D91A600E1ACD9 /* PBXContainerItemProxy */;
		};
		F0AE64F2238D91A600E1ACD9 /* PBXTargetDependency */ = {
			isa = PBXTargetDependency;
			target = F0AE64CE238D919D00E1ACD9 /* Live News */;
			targetProxy = F0AE64F1238D91A600E1ACD9 /* PBXContainerItemProxy */;
		};
/* End PBXTargetDependency section */

/* Begin PBXVariantGroup section */
		F0AE64D8238D919D00E1ACD9 /* Main.storyboard */ = {
			isa = PBXVariantGroup;
			children = (
				F0AE64D9238D919D00E1ACD9 /* Base */,
			);
			name = Main.storyboard;
			sourceTree = "<group>";
		};
		F0AE64DD238D91A500E1ACD9 /* LaunchScreen.storyboard */ = {
			isa = PBXVariantGroup;
			children = (
				F0AE64DE238D91A500E1ACD9 /* Base */,
			);
			name = LaunchScreen.storyboard;
			sourceTree = "<group>";
		};
/* End PBXVariantGroup section */

/* Begin XCBuildConfiguration section */
		F0AE64F7238D91A600E1ACD9 /* Debug */ = {
			isa = XCBuildConfiguration;
			buildSettings = {
				ALWAYS_SEARCH_USER_PATHS = NO;
				CLANG_ANALYZER_NONNULL = YES;
				CLANG_ANALYZER_NUMBER_OBJECT_CONVERSION = YES_AGGRESSIVE;
				CLANG_CXX_LANGUAGE_STANDARD = "gnu++14";
				CLANG_CXX_LIBRARY = "libc++";
				CLANG_ENABLE_MODULES = YES;
				CLANG_ENABLE_OBJC_ARC = YES;
				CLANG_ENABLE_OBJC_WEAK = YES;
				CLANG_WARN_BLOCK_CAPTURE_AUTORELEASING = YES;
				CLANG_WARN_BOOL_CONVERSION = YES;
				CLANG_WARN_COMMA = YES;
				CLANG_WARN_CONSTANT_CONVERSION = YES;
				CLANG_WARN_DEPRECATED_OBJC_IMPLEMENTATIONS = YES;
				CLANG_WARN_DIRECT_OBJC_ISA_USAGE = YES_ERROR;
				CLANG_WARN_DOCUMENTATION_COMMENTS = YES;
				CLANG_WARN_EMPTY_BODY = YES;
				CLANG_WARN_ENUM_CONVERSION = YES;
				CLANG_WARN_INFINITE_RECURSION = YES;
				CLANG_WARN_INT_CONVERSION = YES;
				CLANG_WARN_NON_LITERAL_NULL_CONVERSION = YES;
				CLANG_WARN_OBJC_IMPLICIT_RETAIN_SELF = YES;
				CLANG_WARN_OBJC_LITERAL_CONVERSION = YES;
				CLANG_WARN_OBJC_ROOT_CLASS = YES_ERROR;
				CLANG_WARN_RANGE_LOOP_ANALYSIS = YES;
				CLANG_WARN_STRICT_PROTOTYPES = YES;
				CLANG_WARN_SUSPICIOUS_MOVE = YES;
				CLANG_WARN_UNGUARDED_AVAILABILITY = YES_AGGRESSIVE;
				CLANG_WARN_UNREACHABLE_CODE = YES;
				CLANG_WARN__DUPLICATE_METHOD_MATCH = YES;
				COPY_PHASE_STRIP = NO;
				DEBUG_INFORMATION_FORMAT = dwarf;
				ENABLE_STRICT_OBJC_MSGSEND = YES;
				ENABLE_TESTABILITY = YES;
				GCC_C_LANGUAGE_STANDARD = gnu11;
				GCC_DYNAMIC_NO_PIC = NO;
				GCC_NO_COMMON_BLOCKS = YES;
				GCC_OPTIMIZATION_LEVEL = 0;
				GCC_PREPROCESSOR_DEFINITIONS = (
					"DEBUG=1",
					"$(inherited)",
				);
				GCC_WARN_64_TO_32_BIT_CONVERSION = YES;
				GCC_WARN_ABOUT_RETURN_TYPE = YES_ERROR;
				GCC_WARN_UNDECLARED_SELECTOR = YES;
				GCC_WARN_UNINITIALIZED_AUTOS = YES_AGGRESSIVE;
				GCC_WARN_UNUSED_FUNCTION = YES;
				GCC_WARN_UNUSED_VARIABLE = YES;
				IPHONEOS_DEPLOYMENT_TARGET = 13.2;
				MTL_ENABLE_DEBUG_INFO = INCLUDE_SOURCE;
				MTL_FAST_MATH = YES;
				ONLY_ACTIVE_ARCH = YES;
				SDKROOT = iphoneos;
				SWIFT_ACTIVE_COMPILATION_CONDITIONS = DEBUG;
				SWIFT_OPTIMIZATION_LEVEL = "-Onone";
			};
			name = Debug;
		};
		F0AE64F8238D91A600E1ACD9 /* Release */ = {
			isa = XCBuildConfiguration;
			buildSettings = {
				ALWAYS_SEARCH_USER_PATHS = NO;
				CLANG_ANALYZER_NONNULL = YES;
				CLANG_ANALYZER_NUMBER_OBJECT_CONVERSION = YES_AGGRESSIVE;
				CLANG_CXX_LANGUAGE_STANDARD = "gnu++14";
				CLANG_CXX_LIBRARY = "libc++";
				CLANG_ENABLE_MODULES = YES;
				CLANG_ENABLE_OBJC_ARC = YES;
				CLANG_ENABLE_OBJC_WEAK = YES;
				CLANG_WARN_BLOCK_CAPTURE_AUTORELEASING = YES;
				CLANG_WARN_BOOL_CONVERSION = YES;
				CLANG_WARN_COMMA = YES;
				CLANG_WARN_CONSTANT_CONVERSION = YES;
				CLANG_WARN_DEPRECATED_OBJC_IMPLEMENTATIONS = YES;
				CLANG_WARN_DIRECT_OBJC_ISA_USAGE = YES_ERROR;
				CLANG_WARN_DOCUMENTATION_COMMENTS = YES;
				CLANG_WARN_EMPTY_BODY = YES;
				CLANG_WARN_ENUM_CONVERSION = YES;
				CLANG_WARN_INFINITE_RECURSION = YES;
				CLANG_WARN_INT_CONVERSION = YES;
				CLANG_WARN_NON_LITERAL_NULL_CONVERSION = YES;
				CLANG_WARN_OBJC_IMPLICIT_RETAIN_SELF = YES;
				CLANG_WARN_OBJC_LITERAL_CONVERSION = YES;
				CLANG_WARN_OBJC_ROOT_CLASS = YES_ERROR;
				CLANG_WARN_RANGE_LOOP_ANALYSIS = YES;
				CLANG_WARN_STRICT_PROTOTYPES = YES;
				CLANG_WARN_SUSPICIOUS_MOVE = YES;
				CLANG_WARN_UNGUARDED_AVAILABILITY = YES_AGGRESSIVE;
				CLANG_WARN_UNREACHABLE_CODE = YES;
				CLANG_WARN__DUPLICATE_METHOD_MATCH = YES;
				COPY_PHASE_STRIP = NO;
				DEBUG_INFORMATION_FORMAT = "dwarf-with-dsym";
				ENABLE_NS_ASSERTIONS = NO;
				ENABLE_STRICT_OBJC_MSGSEND = YES;
				GCC_C_LANGUAGE_STANDARD = gnu11;
				GCC_NO_COMMON_BLOCKS = YES;
				GCC_WARN_64_TO_32_BIT_CONVERSION = YES;
				GCC_WARN_ABOUT_RETURN_TYPE = YES_ERROR;
				GCC_WARN_UNDECLARED_SELECTOR = YES;
				GCC_WARN_UNINITIALIZED_AUTOS = YES_AGGRESSIVE;
				GCC_WARN_UNUSED_FUNCTION = YES;
				GCC_WARN_UNUSED_VARIABLE = YES;
				IPHONEOS_DEPLOYMENT_TARGET = 13.2;
				MTL_ENABLE_DEBUG_INFO = NO;
				MTL_FAST_MATH = YES;
				SDKROOT = iphoneos;
				SWIFT_COMPILATION_MODE = wholemodule;
				SWIFT_OPTIMIZATION_LEVEL = "-O";
				VALIDATE_PRODUCT = YES;
			};
			name = Release;
		};
		F0AE64FA238D91A600E1ACD9 /* Debug */ = {
			isa = XCBuildConfiguration;
			baseConfigurationReference = EB93DBDE1B1E5D4171C6B9FE /* Pods-Live News.debug.xcconfig */;
			buildSettings = {
				ASSETCATALOG_COMPILER_APPICON_NAME = AppIcon;
				CODE_SIGN_STYLE = Automatic;
				DEVELOPMENT_TEAM = 7227VAQ96L;
				INFOPLIST_FILE = "Live News/Info.plist";
				IPHONEOS_DEPLOYMENT_TARGET = 13.0;
				LD_RUNPATH_SEARCH_PATHS = (
					"$(inherited)",
					"@executable_path/Frameworks",
				);
				PRODUCT_BUNDLE_IDENTIFIER = "Cypher-s.com.Live-News";
				PRODUCT_NAME = "$(TARGET_NAME)";
				SWIFT_VERSION = 5.0;
				TARGETED_DEVICE_FAMILY = 1;
			};
			name = Debug;
		};
		F0AE64FB238D91A600E1ACD9 /* Release */ = {
			isa = XCBuildConfiguration;
			baseConfigurationReference = 32C7BD5FFBA809D839C90C5F /* Pods-Live News.release.xcconfig */;
			buildSettings = {
				ASSETCATALOG_COMPILER_APPICON_NAME = AppIcon;
				CODE_SIGN_STYLE = Automatic;
				DEVELOPMENT_TEAM = 7227VAQ96L;
				INFOPLIST_FILE = "Live News/Info.plist";
				IPHONEOS_DEPLOYMENT_TARGET = 13.0;
				LD_RUNPATH_SEARCH_PATHS = (
					"$(inherited)",
					"@executable_path/Frameworks",
				);
				PRODUCT_BUNDLE_IDENTIFIER = "Cypher-s.com.Live-News";
				PRODUCT_NAME = "$(TARGET_NAME)";
				SWIFT_VERSION = 5.0;
				TARGETED_DEVICE_FAMILY = 1;
			};
			name = Release;
		};
		F0AE64FD238D91A600E1ACD9 /* Debug */ = {
			isa = XCBuildConfiguration;
			baseConfigurationReference = 81418F74EEC7BB2C1A640FBB /* Pods-Live NewsTests.debug.xcconfig */;
			buildSettings = {
				ALWAYS_EMBED_SWIFT_STANDARD_LIBRARIES = YES;
				BUNDLE_LOADER = "$(TEST_HOST)";
				CODE_SIGN_STYLE = Automatic;
				DEVELOPMENT_TEAM = 7227VAQ96L;
				INFOPLIST_FILE = "Live NewsTests/Info.plist";
				IPHONEOS_DEPLOYMENT_TARGET = 13.2;
				LD_RUNPATH_SEARCH_PATHS = (
					"$(inherited)",
					"@executable_path/Frameworks",
					"@loader_path/Frameworks",
				);
				PRODUCT_BUNDLE_IDENTIFIER = "Cypher-s.com.Live-NewsTests";
				PRODUCT_NAME = "$(TARGET_NAME)";
				SWIFT_VERSION = 5.0;
				TARGETED_DEVICE_FAMILY = "1,2";
				TEST_HOST = "$(BUILT_PRODUCTS_DIR)/Live News.app/Live News";
			};
			name = Debug;
		};
		F0AE64FE238D91A600E1ACD9 /* Release */ = {
			isa = XCBuildConfiguration;
			baseConfigurationReference = DF8E742EEAE28B443210E2BC /* Pods-Live NewsTests.release.xcconfig */;
			buildSettings = {
				ALWAYS_EMBED_SWIFT_STANDARD_LIBRARIES = YES;
				BUNDLE_LOADER = "$(TEST_HOST)";
				CODE_SIGN_STYLE = Automatic;
				DEVELOPMENT_TEAM = 7227VAQ96L;
				INFOPLIST_FILE = "Live NewsTests/Info.plist";
				IPHONEOS_DEPLOYMENT_TARGET = 13.2;
				LD_RUNPATH_SEARCH_PATHS = (
					"$(inherited)",
					"@executable_path/Frameworks",
					"@loader_path/Frameworks",
				);
				PRODUCT_BUNDLE_IDENTIFIER = "Cypher-s.com.Live-NewsTests";
				PRODUCT_NAME = "$(TARGET_NAME)";
				SWIFT_VERSION = 5.0;
				TARGETED_DEVICE_FAMILY = "1,2";
				TEST_HOST = "$(BUILT_PRODUCTS_DIR)/Live News.app/Live News";
			};
			name = Release;
		};
		F0AE6500238D91A600E1ACD9 /* Debug */ = {
			isa = XCBuildConfiguration;
			baseConfigurationReference = 50525966A1DCBF3E6B80EC7B /* Pods-Live News-Live NewsUITests.debug.xcconfig */;
			buildSettings = {
				ALWAYS_EMBED_SWIFT_STANDARD_LIBRARIES = YES;
				CODE_SIGN_STYLE = Automatic;
				DEVELOPMENT_TEAM = 7227VAQ96L;
				INFOPLIST_FILE = "Live NewsUITests/Info.plist";
				LD_RUNPATH_SEARCH_PATHS = (
					"$(inherited)",
					"@executable_path/Frameworks",
					"@loader_path/Frameworks",
				);
				PRODUCT_BUNDLE_IDENTIFIER = "Cypher-s.com.Live-NewsUITests";
				PRODUCT_NAME = "$(TARGET_NAME)";
				SWIFT_VERSION = 5.0;
				TARGETED_DEVICE_FAMILY = "1,2";
				TEST_TARGET_NAME = "Live News";
			};
			name = Debug;
		};
		F0AE6501238D91A600E1ACD9 /* Release */ = {
			isa = XCBuildConfiguration;
			baseConfigurationReference = E72BBF05DD728299DDF3C7DB /* Pods-Live News-Live NewsUITests.release.xcconfig */;
			buildSettings = {
				ALWAYS_EMBED_SWIFT_STANDARD_LIBRARIES = YES;
				CODE_SIGN_STYLE = Automatic;
				DEVELOPMENT_TEAM = 7227VAQ96L;
				INFOPLIST_FILE = "Live NewsUITests/Info.plist";
				LD_RUNPATH_SEARCH_PATHS = (
					"$(inherited)",
					"@executable_path/Frameworks",
					"@loader_path/Frameworks",
				);
				PRODUCT_BUNDLE_IDENTIFIER = "Cypher-s.com.Live-NewsUITests";
				PRODUCT_NAME = "$(TARGET_NAME)";
				SWIFT_VERSION = 5.0;
				TARGETED_DEVICE_FAMILY = "1,2";
				TEST_TARGET_NAME = "Live News";
			};
			name = Release;
		};
/* End XCBuildConfiguration section */

/* Begin XCConfigurationList section */
		F0AE64CA238D919D00E1ACD9 /* Build configuration list for PBXProject "Live News" */ = {
			isa = XCConfigurationList;
			buildConfigurations = (
				F0AE64F7238D91A600E1ACD9 /* Debug */,
				F0AE64F8238D91A600E1ACD9 /* Release */,
			);
			defaultConfigurationIsVisible = 0;
			defaultConfigurationName = Release;
		};
		F0AE64F9238D91A600E1ACD9 /* Build configuration list for PBXNativeTarget "Live News" */ = {
			isa = XCConfigurationList;
			buildConfigurations = (
				F0AE64FA238D91A600E1ACD9 /* Debug */,
				F0AE64FB238D91A600E1ACD9 /* Release */,
			);
			defaultConfigurationIsVisible = 0;
			defaultConfigurationName = Release;
		};
		F0AE64FC238D91A600E1ACD9 /* Build configuration list for PBXNativeTarget "Live NewsTests" */ = {
			isa = XCConfigurationList;
			buildConfigurations = (
				F0AE64FD238D91A600E1ACD9 /* Debug */,
				F0AE64FE238D91A600E1ACD9 /* Release */,
			);
			defaultConfigurationIsVisible = 0;
			defaultConfigurationName = Release;
		};
		F0AE64FF238D91A600E1ACD9 /* Build configuration list for PBXNativeTarget "Live NewsUITests" */ = {
			isa = XCConfigurationList;
			buildConfigurations = (
				F0AE6500238D91A600E1ACD9 /* Debug */,
				F0AE6501238D91A600E1ACD9 /* Release */,
			);
			defaultConfigurationIsVisible = 0;
			defaultConfigurationName = Release;
		};
/* End XCConfigurationList section */
	};
	rootObject = F0AE64C7238D919D00E1ACD9 /* Project object */;
}
